
Microsoft Visual Studio Solution File, Format Version 12.00
# Visual Studio Version 16
VisualStudioVersion = 16.0.30413.136
MinimumVisualStudioVersion = 10.0.40219.1
Project("{9A19103F-16F7-4668-BE54-9A1E7A4F7556}") = "Planty.Generator", "Planty.Generator.csproj", "{1399F52E-0BC3-4383-B1B7-8C797B9D12A5}"
EndProject
Global
	GlobalSection(SolutionConfigurationPlatforms) = preSolution
		Debug|Any CPU = Debug|Any CPU
		Release|Any CPU = Release|Any CPU
	EndGlobalSection
	GlobalSection(ProjectConfigurationPlatforms) = postSolution
		{1399F52E-0BC3-4383-B1B7-8C797B9D12A5}.Debug|Any CPU.ActiveCfg = Debug|Any CPU
		{1399F52E-0BC3-4383-B1B7-8C797B9D12A5}.Debug|Any CPU.Build.0 = Debug|Any CPU
		{1399F52E-0BC3-4383-B1B7-8C797B9D12A5}.Release|Any CPU.ActiveCfg = Release|Any CPU
		{1399F52E-0BC3-4383-B1B7-8C797B9D12A5}.Release|Any CPU.Build.0 = Release|Any CPU
	EndGlobalSection
	GlobalSection(SolutionProperties) = preSolution
		HideSolutionNode = FALSE
	EndGlobalSection
	GlobalSection(ExtensibilityGlobals) = postSolution
		SolutionGuid = {C30D88B4-A6AC-45F4-AC79-D9DB2A162A37}
	EndGlobalSection
EndGlobal
